# THIS IS AN AUTOGENERATED FILE. DO NOT EDIT THIS FILE DIRECTLY.
# yarn lockfile v1


"@babel/runtime@^7.5.5", "@babel/runtime@^7.9.2":
  version "7.12.5"
  resolved "https://registry.yarnpkg.com/@babel/runtime/-/runtime-7.12.5.tgz#410e7e487441e1b360c29be715d870d9b985882e"
  integrity sha512-plcc+hbExy3McchJCEQG3knOsuh3HH+Prx1P6cLIkET/0dLuQDEnrT+s27Axgc9bqfsmNUNHfscgMUdBpC9xfg==
  dependencies:
    regenerator-runtime "^0.13.4"

"@popperjs/core@^2.4.4", "@popperjs/core@^2.6.0":
  version "2.6.0"
  resolved "https://registry.yarnpkg.com/@popperjs/core/-/core-2.6.0.tgz#f022195afdfc942e088ee2101285a1d31c7d727f"
  integrity sha512-cPqjjzuFWNK3BSKLm0abspP0sp/IGOli4p5I5fKFAzdS8fvjdOwDCfZqAaIiXd9lPkOWi3SUUfZof3hEb7J/uw==

"@videojs/http-streaming@2.2.4":
  version "2.2.4"
  resolved "https://registry.yarnpkg.com/@videojs/http-streaming/-/http-streaming-2.2.4.tgz#c71bb63dbc4749e35193c4c334430bd8ce728ec0"
  integrity sha512-gzT46RpAEegOhMId/zZ6uXCVGDMPOv8qmoTykBuvd6/4lVM3lZ1ZJCq0kytAkisDuDKipy93gP46oZEtonlc/Q==
  dependencies:
    "@babel/runtime" "^7.5.5"
    "@videojs/vhs-utils" "^2.2.1"
    aes-decrypter "3.1.0"
    global "^4.3.2"
    m3u8-parser "4.5.0"
    mpd-parser "0.14.0"
    mux.js "5.6.7"
    video.js "^6 || ^7"

"@videojs/http-streaming@^1.13.3":
  version "1.13.4"
  resolved "https://registry.yarnpkg.com/@videojs/http-streaming/-/http-streaming-1.13.4.tgz#c27fd9883ffd76b3a020ae196018db7705d9ee74"
  integrity sha512-I/hWi0uiA8aRwB4tfK44FRaWEoOU3uyvjUJW4cNST3TsweuovGGoud7K09WUrlbN4U0EjQvDqNwwXNggNs3niw==
  dependencies:
    aes-decrypter "3.0.2"
    global "^4.3.0"
    m3u8-parser "4.4.0"
    mpd-parser "0.10.0"
    mux.js "5.6.1"
    url-toolkit "^2.1.3"
    video.js "^6.8.0 || ^7.0.0"

"@videojs/vhs-utils@^1.0.0", "@videojs/vhs-utils@^1.1.0":
  version "1.3.0"
  resolved "https://registry.yarnpkg.com/@videojs/vhs-utils/-/vhs-utils-1.3.0.tgz#04fe402f603af9a5df4b88881fabba0cf13814c2"
  integrity sha512-oiqXDtHQqDPun7JseWkirUHGrgdYdeF12goUut5z7vwAj4DmUufEPFJ4xK5hYGXGFDyDhk2rSFOR122Ze6qXyQ==
  dependencies:
    "@babel/runtime" "^7.5.5"
    global "^4.3.2"
    url-toolkit "^2.1.6"

"@videojs/vhs-utils@^2.2.1":
  version "2.3.0"
  resolved "https://registry.yarnpkg.com/@videojs/vhs-utils/-/vhs-utils-2.3.0.tgz#490a3a00dfc1b51d85d5dcf8f8361e2d4c4d1440"
  integrity sha512-ThSmm91S7tuIJ757ON50K4y7S/bvKN4+B0tu303gCOxaG57PoP1UvPfMQZ90XGhxwNgngexVojOqbBHhTvXVHQ==
  dependencies:
    "@babel/runtime" "^7.5.5"
    global "^4.3.2"
    url-toolkit "^2.1.6"

"@videojs/xhr@2.5.1":
  version "2.5.1"
  resolved "https://registry.yarnpkg.com/@videojs/xhr/-/xhr-2.5.1.tgz#26bc5a79dbb3b03bfb13742c6ce559f89e90719e"
  integrity sha512-wV9nGESHseSK+S9ePEru2+OJZ1jq/ZbbzniGQ4weAmTIepuBMSYPx5zrxxQA0E786T5ykpO8ts+LayV+3/oI2w==
  dependencies:
    "@babel/runtime" "^7.5.5"
    global "~4.4.0"
    is-function "^1.0.1"

aes-decrypter@3.0.2:
  version "3.0.2"
  resolved "https://registry.yarnpkg.com/aes-decrypter/-/aes-decrypter-3.0.2.tgz#dcd731406b0863d18207892200c2a9aaf618f498"
  integrity sha512-SBAfPQpGTbHbAR6qSybPjMio+MYuZwdD/a/ltOq6hj53vK94dphAm88rR3FNaZyEa/x3SobYmdT5f46qUwroLQ==
  dependencies:
    "@babel/runtime" "^7.5.5"
    "@videojs/vhs-utils" "^1.0.0"
    global "^4.3.2"
    pkcs7 "^1.0.4"

aes-decrypter@3.1.0:
  version "3.1.0"
  resolved "https://registry.yarnpkg.com/aes-decrypter/-/aes-decrypter-3.1.0.tgz#fc0b1d703f97a64aa3f7b13528f4661971db68c4"
  integrity sha512-wL1NFwP2yNrJG4InpXYFhhYe9TfonnDyhyxMq2+K9/qt+SrZzUieOpviN6pkDly7GawTqw5feehk0rn5iYo00g==
  dependencies:
    "@babel/runtime" "^7.5.5"
    "@videojs/vhs-utils" "^2.2.1"
    global "^4.3.2"
    pkcs7 "^1.0.4"

after@0.8.2:
  version "0.8.2"
  resolved "https://registry.yarnpkg.com/after/-/after-0.8.2.tgz#fedb394f9f0e02aa9768e702bda23b505fae7e1f"
  integrity sha1-/ts5T58OAqqXaOcCvaI7UF+ufh8=

animate.css@^3.7.2:
  version "3.7.2"
  resolved "https://registry.yarnpkg.com/animate.css/-/animate.css-3.7.2.tgz#e73e0d50e92cb1cfef1597d9b38a9481020e08ea"
  integrity sha512-0bE8zYo7C0KvgOYrSVfrzkbYk6IOTVPNqkiHg2cbyF4Pq/PXzilz4BRWA3hwEUBoMp5VBgrC29lQIZyhRWdBTw==

arraybuffer.slice@~0.0.7:
  version "0.0.7"
  resolved "https://registry.yarnpkg.com/arraybuffer.slice/-/arraybuffer.slice-0.0.7.tgz#3bbc4275dd584cc1b10809b89d4e8b63a69e7675"
  integrity sha512-wGUIVQXuehL5TCqQun8OW81jGzAWycqzFF8lFp+GOM5BXLYj3bKNsYC4daB7n6XjCqxQA/qgTJ+8ANR3acjrog==

backo2@1.0.2:
  version "1.0.2"
  resolved "https://registry.yarnpkg.com/backo2/-/backo2-1.0.2.tgz#31ab1ac8b129363463e35b3ebb69f4dfcfba7947"
  integrity sha1-MasayLEpNjRj41s+u2n038+6eUc=

base64-arraybuffer@0.1.4:
  version "0.1.4"
  resolved "https://registry.yarnpkg.com/base64-arraybuffer/-/base64-arraybuffer-0.1.4.tgz#9818c79e059b1355f97e0428a017c838e90ba812"
  integrity sha1-mBjHngWbE1X5fgQooBfIOOkLqBI=

blob@0.0.5:
  version "0.0.5"
  resolved "https://registry.yarnpkg.com/blob/-/blob-0.0.5.tgz#d680eeef25f8cd91ad533f5b01eed48e64caf683"
  integrity sha512-gaqbzQPqOoamawKg0LGVd7SzLgXS+JH61oWprSLH+P+abTczqJbhTR8CmJ2u9/bUYNmHTGJx/UEmn6doAvvuig==

bootstrap@^4.4.1:
  version "4.6.0"
  resolved "https://registry.yarnpkg.com/bootstrap/-/bootstrap-4.6.0.tgz#97b9f29ac98f98dfa43bf7468262d84392552fd7"
  integrity sha512-Io55IuQY3kydzHtbGvQya3H+KorS/M9rSNyfCGCg9WZ4pyT/lCxIlpJgG1GXW/PswzC84Tr2fBYi+7+jFVQQBw==

component-bind@1.0.0:
  version "1.0.0"
  resolved "https://registry.yarnpkg.com/component-bind/-/component-bind-1.0.0.tgz#00c608ab7dcd93897c0009651b1d3a8e1e73bbd1"
  integrity sha1-AMYIq33Nk4l8AAllGx06jh5zu9E=

component-emitter@~1.3.0:
  version "1.3.0"
  resolved "https://registry.yarnpkg.com/component-emitter/-/component-emitter-1.3.0.tgz#16e4070fba8ae29b679f2215853ee181ab2eabc0"
  integrity sha512-Rd3se6QB+sO1TwqZjscQrurpEPIfO0/yYnSin6Q/rD3mOutHvUrCAhJub3r90uNb+SESBuE0QYoB90YdfatsRg==

component-inherit@0.0.3:
  version "0.0.3"
  resolved "https://registry.yarnpkg.com/component-inherit/-/component-inherit-0.0.3.tgz#645fc4adf58b72b649d5cae65135619db26ff143"
  integrity sha1-ZF/ErfWLcrZJ1crmUTVhnbJv8UM=

crypto-js@^4.0.0:
  version "4.0.0"
  resolved "https://registry.yarnpkg.com/crypto-js/-/crypto-js-4.0.0.tgz#2904ab2677a9d042856a2ea2ef80de92e4a36dcc"
  integrity sha512-bzHZN8Pn+gS7DQA6n+iUmBfl0hO5DJq++QP3U6uTucDtk/0iGpXd/Gg7CGR0p8tJhofJyaKoWBuJI4eAO00BBg==

debug@~3.1.0:
  version "3.1.0"
  resolved "https://registry.yarnpkg.com/debug/-/debug-3.1.0.tgz#5bb5a0672628b64149566ba16819e61518c67261"
  integrity sha512-OX8XqP7/1a9cqkxYw2yXss15f26NKWBpDXQd0/uK/KPqdQhxbPa994hnzjcE2VqQpDslf55723cKPUOGSmMY3g==
  dependencies:
    ms "2.0.0"

dom-walk@^0.1.0:
  version "0.1.2"
  resolved "https://registry.yarnpkg.com/dom-walk/-/dom-walk-0.1.2.tgz#0c548bef048f4d1f2a97249002236060daa3fd84"
  integrity sha512-6QvTW9mrGeIegrFXdtQi9pk7O/nSK6lSdXW2eqUspN5LWD7UTji2Fqw5V2YLjBpHEoU9Xl/eUWNpDeZvoyOv2w==

engine.io-client@~3.5.0:
  version "3.5.0"
  resolved "https://registry.yarnpkg.com/engine.io-client/-/engine.io-client-3.5.0.tgz#fc1b4d9616288ce4f2daf06dcf612413dec941c7"
  integrity sha512-12wPRfMrugVw/DNyJk34GQ5vIVArEcVMXWugQGGuw2XxUSztFNmJggZmv8IZlLyEdnpO1QB9LkcjeWewO2vxtA==
  dependencies:
    component-emitter "~1.3.0"
    component-inherit "0.0.3"
    debug "~3.1.0"
    engine.io-parser "~2.2.0"
    has-cors "1.1.0"
    indexof "0.0.1"
    parseqs "0.0.6"
    parseuri "0.0.6"
    ws "~7.4.2"
    xmlhttprequest-ssl "~1.5.4"
    yeast "0.1.2"

engine.io-parser@~2.2.0:
  version "2.2.1"
  resolved "https://registry.yarnpkg.com/engine.io-parser/-/engine.io-parser-2.2.1.tgz#57ce5611d9370ee94f99641b589f94c97e4f5da7"
  integrity sha512-x+dN/fBH8Ro8TFwJ+rkB2AmuVw9Yu2mockR/p3W8f8YtExwFgDvBDi0GWyb4ZLkpahtDGZgtr3zLovanJghPqg==
  dependencies:
    after "0.8.2"
    arraybuffer.slice "~0.0.7"
    base64-arraybuffer "0.1.4"
    blob "0.0.5"
    has-binary2 "~1.0.2"

font-awesome@^4.7.0:
  version "4.7.0"
  resolved "https://registry.yarnpkg.com/font-awesome/-/font-awesome-4.7.0.tgz#8fa8cf0411a1a31afd07b06d2902bb9fc815a133"
  integrity sha1-j6jPBBGhoxr9B7BtKQK7n8gVoTM=

global@4.3.2:
  version "4.3.2"
  resolved "https://registry.yarnpkg.com/global/-/global-4.3.2.tgz#e76989268a6c74c38908b1305b10fc0e394e9d0f"
  integrity sha1-52mJJopsdMOJCLEwWxD8DjlOnQ8=
  dependencies:
    min-document "^2.19.0"
    process "~0.5.1"

global@^4.3.0, global@^4.3.1, global@^4.3.2, global@~4.4.0:
  version "4.4.0"
  resolved "https://registry.yarnpkg.com/global/-/global-4.4.0.tgz#3e7b105179006a323ed71aafca3e9c57a5cc6406"
  integrity sha512-wv/LAoHdRE3BeTGz53FAamhGlPLhlssK45usmGFThIi4XqnBmjKQ16u+RNbP7WvigRZDxUsM0J3gcQ5yicaL0w==
  dependencies:
    min-document "^2.19.0"
    process "^0.11.10"

has-binary2@~1.0.2:
  version "1.0.3"
  resolved "https://registry.yarnpkg.com/has-binary2/-/has-binary2-1.0.3.tgz#7776ac627f3ea77250cfc332dab7ddf5e4f5d11d"
  integrity sha512-G1LWKhDSvhGeAQ8mPVQlqNcOB2sJdwATtZKl2pDKKHfpf/rYj24lkinxf69blJbnsvtqqNU+L3SL50vzZhXOnw==
  dependencies:
    isarray "2.0.1"

has-cors@1.1.0:
  version "1.1.0"
  resolved "https://registry.yarnpkg.com/has-cors/-/has-cors-1.1.0.tgz#5e474793f7ea9843d1bb99c23eef49ff126fff39"
  integrity sha1-XkdHk/fqmEPRu5nCPu9J/xJv/zk=

hls.js@^0.8.9:
  version "0.8.9"
  resolved "https://registry.yarnpkg.com/hls.js/-/hls.js-0.8.9.tgz#db367cc99ce5b0976ea3e059a1d044d7b0790697"
  integrity sha1-2zZ8yZzlsJduo+BZodBE17B5Bpc=
  dependencies:
    url-toolkit "^2.0.1"

indexof@0.0.1:
  version "0.0.1"
  resolved "https://registry.yarnpkg.com/indexof/-/indexof-0.0.1.tgz#82dc336d232b9062179d05ab3293a66059fd435d"
  integrity sha1-gtwzbSMrkGIXnQWrMpOmYFn9Q10=

individual@^2.0.0:
  version "2.0.0"
  resolved "https://registry.yarnpkg.com/individual/-/individual-2.0.0.tgz#833b097dad23294e76117a98fb38e0d9ad61bb97"
  integrity sha1-gzsJfa0jKU52EXqY+zjg2a1hu5c=

is-function@^1.0.1:
  version "1.0.2"
  resolved "https://registry.yarnpkg.com/is-function/-/is-function-1.0.2.tgz#4f097f30abf6efadac9833b17ca5dc03f8144e08"
  integrity sha512-lw7DUp0aWXYg+CBCN+JKkcE0Q2RayZnSvnZBlwgxHBQhqt5pZNVy4Ri7H9GmmXkdu7LUthszM+Tor1u/2iBcpQ==

isarray@2.0.1:
  version "2.0.1"
  resolved "https://registry.yarnpkg.com/isarray/-/isarray-2.0.1.tgz#a37d94ed9cda2d59865c9f76fe596ee1f338741e"
  integrity sha1-o32U7ZzaLVmGXJ92/llu4fM4dB4=

janimate@^0.2.1:
  version "0.2.1"
  resolved "https://registry.yarnpkg.com/janimate/-/janimate-0.2.1.tgz#e7ff2dc161444e3c5d289278000f6cf702dffcd4"
  integrity sha1-5/8twWFETjxdKJJ4AA9s9wLf/NQ=

jquery@^3.5.0:
  version "3.5.1"
  resolved "https://registry.yarnpkg.com/jquery/-/jquery-3.5.1.tgz#d7b4d08e1bfdb86ad2f1a3d039ea17304717abb5"
  integrity sha512-XwIBPqcMn57FxfT+Go5pzySnm4KWkT1Tv7gjrpT1srtf8Weynl6R273VJ5GjkRb51IzMp5nbaPjJXMWeju2MKg==

keycode@^2.2.0:
  version "2.2.0"
  resolved "https://registry.yarnpkg.com/keycode/-/keycode-2.2.0.tgz#3d0af56dc7b8b8e5cba8d0a97f107204eec22b04"
  integrity sha1-PQr1bce4uOXLqNCpfxByBO7CKwQ=

line-awesome@^1.3.0:
  version "1.3.0"
  resolved "https://registry.yarnpkg.com/line-awesome/-/line-awesome-1.3.0.tgz#51d59fe311ed040d22d8e80d3aa0b9a4b57e6cd3"
  integrity sha512-Y0YHksL37ixDsHz+ihCwOtF5jwJgCDxQ3q+zOVgaSW8VugHGTsZZXMacPYZB1/JULBi6BAuTCTek+4ZY/UIwcw==

m3u8-parser@4.4.0:
  version "4.4.0"
  resolved "https://registry.yarnpkg.com/m3u8-parser/-/m3u8-parser-4.4.0.tgz#adf606c0af6d97f6750095a42006c2ae03dde177"
  integrity sha512-iH2AygTFILtato+XAgnoPYzLHM4R3DjATj7Ozbk7EHdB2XoLF2oyOUguM7Kc4UVHbQHHL/QPaw98r7PbWzG0gg==
  dependencies:
    global "^4.3.2"

m3u8-parser@4.5.0:
  version "4.5.0"
  resolved "https://registry.yarnpkg.com/m3u8-parser/-/m3u8-parser-4.5.0.tgz#9c30b32c9b69cc3f81b5e6789717fa84b9fdb9aa"
  integrity sha512-RGm/1WVCX3o1bSWbJGmJUu4zTbtJy8lImtgHM4CESFvJRXYztr1j6SW/q9/ghYOrUjgH7radsIar+z1Leln0sA==
  dependencies:
    "@babel/runtime" "^7.5.5"
    "@videojs/vhs-utils" "^2.2.1"
    global "^4.3.2"

magnific-popup@^1.1.0:
  version "1.1.0"
  resolved "https://registry.yarnpkg.com/magnific-popup/-/magnific-popup-1.1.0.tgz#3e7362c5bd18f6785fe99e59d013e20af33d3049"
  integrity sha1-PnNixb0Y9nhf6Z5Z0BPiCvM9MEk=

min-document@^2.19.0:
  version "2.19.0"
  resolved "https://registry.yarnpkg.com/min-document/-/min-document-2.19.0.tgz#7bd282e3f5842ed295bb748cdd9f1ffa2c824685"
  integrity sha1-e9KC4/WELtKVu3SM3Z8f+iyCRoU=
  dependencies:
    dom-walk "^0.1.0"

moment@^2.27.0:
  version "2.29.1"
  resolved "https://registry.yarnpkg.com/moment/-/moment-2.29.1.tgz#b2be769fa31940be9eeea6469c075e35006fa3d3"
  integrity sha512-kHmoybcPV8Sqy59DwNDY3Jefr64lK/by/da0ViFcuA4DH0vQg5Q6Ze5VimxkfQNSC+Mls/Kx53s7TjP1RhFEDQ==

mpd-parser@0.10.0:
  version "0.10.0"
  resolved "https://registry.yarnpkg.com/mpd-parser/-/mpd-parser-0.10.0.tgz#e48a39a4ecd3b5bbd0ed4ac5991b9cc36bcd9599"
  integrity sha512-eIqkH/2osPr7tIIjhRmDWqm2wdJ7Q8oPfWvdjealzsLV2D2oNe0a0ae2gyYYs1sw5e5hdssDA2V6Sz8MW+Uvvw==
  dependencies:
    "@babel/runtime" "^7.5.5"
    "@videojs/vhs-utils" "^1.1.0"
    global "^4.3.2"
    xmldom "^0.1.27"

mpd-parser@0.14.0:
  version "0.14.0"
  resolved "https://registry.yarnpkg.com/mpd-parser/-/mpd-parser-0.14.0.tgz#f666a80c1e284e46c6f76f010fc4f5292a021148"
  integrity sha512-HqXQS3WLofcnYFcxv5oWdlciddUaEnN3NasXLVQ793mdnZRrinjz2Yk1DsUYPDYOUWf6ZBBqbFhaJT5LiT2ouA==
  dependencies:
    "@babel/runtime" "^7.5.5"
    "@videojs/vhs-utils" "^2.2.1"
    global "^4.3.2"
    xmldom "^0.1.27"

ms@2.0.0:
  version "2.0.0"
  resolved "https://registry.yarnpkg.com/ms/-/ms-2.0.0.tgz#5608aeadfc00be6c2901df5f9861788de0d597c8"
  integrity sha1-VgiurfwAvmwpAd9fmGF4jeDVl8g=

mux.js@5.6.1:
  version "5.6.1"
  resolved "https://registry.yarnpkg.com/mux.js/-/mux.js-5.6.1.tgz#5a721622921a031fadbcd537f508ed5955eb9bcc"
  integrity sha512-iIE3EJURbrPZ9Y4i9ADKTIvxGUcAEBOFhwWUOZGCiKlpXDZrqDgcJLDrOa0PenLhw6WYkOyl18kHFEvwm9JSpg==

mux.js@5.6.7:
  version "5.6.7"
  resolved "https://registry.yarnpkg.com/mux.js/-/mux.js-5.6.7.tgz#d39fc85cded5a1257de9f6eeb5cf1578c4a63eb8"
  integrity sha512-YSr6B8MUgE4S18MptbY2XM+JKGbw9JDkgs7YkuE/T2fpDKjOhZfb/nD6vmsVxvLYOExWNaQn1UGBp6PGsnTtew==

overlayscrollbars@^1.12.0:
  version "1.13.1"
  resolved "https://registry.yarnpkg.com/overlayscrollbars/-/overlayscrollbars-1.13.1.tgz#0b840a88737f43a946b9d87875a2f9e421d0338a"
  integrity sha512-gIQfzgGgu1wy80EB4/6DaJGHMEGmizq27xHIESrzXq0Y/J0Ay1P3DWk6tuVmEPIZH15zaBlxeEJOqdJKmowHCQ==

parseqs@0.0.6:
  version "0.0.6"
  resolved "https://registry.yarnpkg.com/parseqs/-/parseqs-0.0.6.tgz#8e4bb5a19d1cdc844a08ac974d34e273afa670d5"
  integrity sha512-jeAGzMDbfSHHA091hr0r31eYfTig+29g3GKKE/PPbEQ65X0lmMwlEoqmhzu0iztID5uJpZsFlUPDP8ThPL7M8w==

parseuri@0.0.6:
  version "0.0.6"
  resolved "https://registry.yarnpkg.com/parseuri/-/parseuri-0.0.6.tgz#e1496e829e3ac2ff47f39a4dd044b32823c4a25a"
  integrity sha512-AUjen8sAkGgao7UyCX6Ahv0gIK2fABKmYjvP4xmy5JaKvcbTRueIqIPHLAfq30xJddqSE033IOMUSOMCcK3Sow==

pkcs7@^1.0.4:
  version "1.0.4"
  resolved "https://registry.yarnpkg.com/pkcs7/-/pkcs7-1.0.4.tgz#6090b9e71160dabf69209d719cbafa538b00a1cb"
  integrity sha512-afRERtHn54AlwaF2/+LFszyAANTCggGilmcmILUzEjvs3XgFZT+xE6+QWQcAGmu4xajy+Xtj7acLOPdx5/eXWQ==
  dependencies:
    "@babel/runtime" "^7.5.5"

process@^0.11.10:
  version "0.11.10"
  resolved "https://registry.yarnpkg.com/process/-/process-0.11.10.tgz#7332300e840161bda3e69a1d1d91a7d4bc16f182"
  integrity sha1-czIwDoQBYb2j5podHZGn1LwW8YI=

process@~0.5.1:
  version "0.5.2"
  resolved "https://registry.yarnpkg.com/process/-/process-0.5.2.tgz#1638d8a8e34c2f440a91db95ab9aeb677fc185cf"
  integrity sha1-FjjYqONML0QKkduVq5rrZ3/Bhc8=

qs@^6.9.4:
  version "6.9.6"
  resolved "https://registry.yarnpkg.com/qs/-/qs-6.9.6.tgz#26ed3c8243a431b2924aca84cc90471f35d5a0ee"
  integrity sha512-TIRk4aqYLNoJUbd+g2lEdz5kLWIuTMRagAXxl78Q0RiVjAOugHmeKNGdd3cwo/ktpf9aL9epCfFqWDEKysUlLQ==

regenerator-runtime@^0.13.4:
  version "0.13.7"
  resolved "https://registry.yarnpkg.com/regenerator-runtime/-/regenerator-runtime-0.13.7.tgz#cac2dacc8a1ea675feaabaeb8ae833898ae46f55"
  integrity sha512-a54FxoJDIr27pgf7IgeQGxmqUNYrcV338lf/6gH456HZ/PhX+5BcwHXG9ajESmwe6WRO0tAzRUrRmNONWgkrew==

rust-result@^1.0.0:
  version "1.0.0"
  resolved "https://registry.yarnpkg.com/rust-result/-/rust-result-1.0.0.tgz#34c75b2e6dc39fe5875e5bdec85b5e0f91536f72"
  integrity sha1-NMdbLm3Dn+WHXlveyFteD5FTb3I=
  dependencies:
    individual "^2.0.0"

safe-json-parse@4.0.0:
  version "4.0.0"
  resolved "https://registry.yarnpkg.com/safe-json-parse/-/safe-json-parse-4.0.0.tgz#7c0f578cfccd12d33a71c0e05413e2eca171eaac"
  integrity sha1-fA9XjPzNEtM6ccDgVBPi7KFx6qw=
  dependencies:
    rust-result "^1.0.0"

socket.io-client@^2.3.0:
  version "2.4.0"
  resolved "https://registry.yarnpkg.com/socket.io-client/-/socket.io-client-2.4.0.tgz#aafb5d594a3c55a34355562fc8aea22ed9119a35"
  integrity sha512-M6xhnKQHuuZd4Ba9vltCLT9oa+YvTsP8j9NcEiLElfIg8KeYPyhWOes6x4t+LTAC8enQbE/995AdTem2uNyKKQ==
  dependencies:
    backo2 "1.0.2"
    component-bind "1.0.0"
    component-emitter "~1.3.0"
    debug "~3.1.0"
    engine.io-client "~3.5.0"
    has-binary2 "~1.0.2"
    indexof "0.0.1"
    parseqs "0.0.6"
    parseuri "0.0.6"
    socket.io-parser "~3.3.0"
    to-array "0.1.4"

socket.io-parser@~3.3.0:
  version "3.3.2"
  resolved "https://registry.yarnpkg.com/socket.io-parser/-/socket.io-parser-3.3.2.tgz#ef872009d0adcf704f2fbe830191a14752ad50b6"
  integrity sha512-FJvDBuOALxdCI9qwRrO/Rfp9yfndRtc1jSgVgV8FDraihmSP/MLGD5PEuJrNfjALvcQ+vMDM/33AWOYP/JSjDg==
  dependencies:
    component-emitter "~1.3.0"
    debug "~3.1.0"
    isarray "2.0.1"

soundmanager2@^2.97.20170602:
  version "2.97.20170602"
  resolved "https://registry.yarnpkg.com/soundmanager2/-/soundmanager2-2.97.20170602.tgz#fe3bc731bfc4d54c1364e71980263e6816981879"
  integrity sha512-2ee7ES9SJ++WkD7PGHMeT4QUuJr7uC3wacD6RoCDlKjdSp9lpEOaKm3lKWKld119DLILjS2l9U6xpXJN6U0KPQ==

tippy.js@^6.2.7:
  version "6.2.7"
  resolved "https://registry.yarnpkg.com/tippy.js/-/tippy.js-6.2.7.tgz#62fb34eda23f7d78151ddca922b62818c1ab9869"
  integrity sha512-k+kWF9AJz5xLQHBi3K/XlmJiyu+p9gsCyc5qZhxxGaJWIW8SMjw1R+C7saUnP33IM8gUhDA2xX//ejRSwqR0tA==
  dependencies:
    "@popperjs/core" "^2.4.4"

to-array@0.1.4:
  version "0.1.4"
  resolved "https://registry.yarnpkg.com/to-array/-/to-array-0.1.4.tgz#17e6c11f73dd4f3d74cda7a4ff3238e9ad9bf890"
  integrity sha1-F+bBH3PdTz10zaek/zI46a2b+JA=

url-toolkit@^2.0.1, url-toolkit@^2.1.3, url-toolkit@^2.1.6:
  version "2.2.1"
  resolved "https://registry.yarnpkg.com/url-toolkit/-/url-toolkit-2.2.1.tgz#89009ed3d62a3574de079532a7266c14d2cc1c4f"
  integrity sha512-8+DzgrtDZYZGhHaAop5WGVghMdCfOLGbhcArsJD0qDll71FXa7EeKxi2hilPIscn2nwMz4PRjML32Sz4JTN0Xw==

"video.js@^6 || ^7", "video.js@^6.8.0 || ^7.0.0", video.js@^7.7.5:
  version "7.10.2"
  resolved "https://registry.yarnpkg.com/video.js/-/video.js-7.10.2.tgz#5156aabad7820e726d72ea6c32324059c68885a4"
  integrity sha512-kJTTrqcQn2MhPzWR8zQs6W3HPJWpowO/ZGZcKt2dcJeJdJT0dEDLYtiFdjV37SylCmu66V0flRnV8cipbthveQ==
  dependencies:
    "@babel/runtime" "^7.9.2"
    "@videojs/http-streaming" "2.2.4"
    "@videojs/xhr" "2.5.1"
    global "4.3.2"
    keycode "^2.2.0"
    safe-json-parse "4.0.0"
    videojs-font "3.2.0"
    videojs-vtt.js "^0.15.2"

videojs-contrib-hls.js@^3.2.0:
  version "3.2.0"
  resolved "https://registry.yarnpkg.com/videojs-contrib-hls.js/-/videojs-contrib-hls.js-3.2.0.tgz#02d7504addefb0cc7d8835a7c8b7b5cca45222a6"
  integrity sha512-oWlSMu4JC2fNE0PLmJd6Dlr23v5+wSE+yDGEwXvwy9L7BPRgzTmzh5HcRIvcc+7hbN8lOXOtHM+xJiwhbvdoEQ==
  dependencies:
    hls.js "^0.8.9"

videojs-font@3.2.0:
  version "3.2.0"
  resolved "https://registry.yarnpkg.com/videojs-font/-/videojs-font-3.2.0.tgz#212c9d3f4e4ec3fa7345167d64316add35e92232"
  integrity sha512-g8vHMKK2/JGorSfqAZQUmYYNnXmfec4MLhwtEFS+mMs2IDY398GLysy6BH6K+aS1KMNu/xWZ8Sue/X/mdQPliA==

videojs-vtt.js@^0.15.2:
  version "0.15.2"
  resolved "https://registry.yarnpkg.com/videojs-vtt.js/-/videojs-vtt.js-0.15.2.tgz#a828c4ea0aac6303fa471fd69bc7586a5ba1a273"
  integrity sha512-kEo4hNMvu+6KhPvVYPKwESruwhHC3oFis133LwhXHO9U7nRnx0RiJYMiqbgwjgazDEXHR6t8oGJiHM6wq5XlAw==
  dependencies:
    global "^4.3.1"

ws@~7.4.2:
  version "7.4.2"
  resolved "https://registry.yarnpkg.com/ws/-/ws-7.4.2.tgz#782100048e54eb36fe9843363ab1c68672b261dd"
  integrity sha512-T4tewALS3+qsrpGI/8dqNMLIVdq/g/85U98HPMa6F0m6xTbvhXU6RCQLqPH3+SlomNV/LdY6RXEbBpMH6EOJnA==

xmldom@^0.1.27:
  version "0.1.31"
  resolved "https://registry.yarnpkg.com/xmldom/-/xmldom-0.1.31.tgz#b76c9a1bd9f0a9737e5a72dc37231cf38375e2ff"
  integrity sha512-yS2uJflVQs6n+CyjHoaBmVSqIDevTAWrzMmjG1Gc7h1qQ7uVozNhEPJAwZXWyGQ/Gafo3fCwrcaokezLPupVyQ==

xmlhttprequest-ssl@~1.5.4:
  version "1.5.5"
  resolved "https://registry.yarnpkg.com/xmlhttprequest-ssl/-/xmlhttprequest-ssl-1.5.5.tgz#c2876b06168aadc40e57d97e81191ac8f4398b3e"
  integrity sha1-wodrBhaKrcQOV9l+gRkayPQ5iz4=

yeast@0.1.2:
  version "0.1.2"
  resolved "https://registry.yarnpkg.com/yeast/-/yeast-0.1.2.tgz#008e06d8094320c372dbc2f8ed76a0ca6c8ac419"
  integrity sha1-AI4G2AlDIMNy28L47XagymyKxBk=
